{
    "version": 3,
    "terraform_version": "0.11.7",
    "serial": 3,
    "lineage": "040935c7-8783-2c8d-6d29-6c51468efe79",
    "modules": [
        {
            "path": [
                "root"
            ],
            "outputs": {
                "ami": {
                    "sensitive": false,
                    "type": "string",
                    "value": "ami-4b32be2b"
                },
                "ip": {
                    "sensitive": false,
                    "type": "string",
                    "value": "34.218.4.27"
                }
            },
            "resources": {
                "aws_eip.ip": {
                    "type": "aws_eip",
                    "depends_on": [
                        "aws_instance.example"
                    ],
                    "primary": {
                        "id": "eipalloc-015e54b552448fa6b",
                        "attributes": {
                            "association_id": "eipassoc-037fe82e0bee23001",
                            "domain": "vpc",
                            "id": "eipalloc-015e54b552448fa6b",
                            "instance": "i-0263787db825c8e44",
                            "network_interface": "eni-09cbc6c8b91b28fd4",
                            "private_ip": "172.31.23.131",
                            "public_ip": "34.218.4.27",
                            "tags.%": "0",
                            "vpc": "true"
                        },
                        "meta": {},
                        "tainted": false
                    },
                    "deposed": [],
                    "provider": "provider.aws"
                },
                "aws_instance.example": {
                    "type": "aws_instance",
                    "depends_on": [],
                    "primary": {
                        "id": "i-0263787db825c8e44",
                        "attributes": {
                            "ami": "ami-4b32be2b",
                            "associate_public_ip_address": "true",
                            "availability_zone": "us-west-2b",
                            "disable_api_termination": "false",
                            "ebs_block_device.#": "0",
                            "ebs_optimized": "false",
                            "ephemeral_block_device.#": "0",
                            "iam_instance_profile": "",
                            "id": "i-0263787db825c8e44",
                            "instance_state": "running",
                            "instance_type": "t2.micro",
                            "ipv6_addresses.#": "0",
                            "key_name": "",
                            "monitoring": "false",
                            "network_interface.#": "0",
                            "network_interface_id": "eni-09cbc6c8b91b28fd4",
                            "placement_group": "",
                            "primary_network_interface_id": "eni-09cbc6c8b91b28fd4",
                            "private_dns": "ip-172-31-23-131.us-west-2.compute.internal",
                            "private_ip": "172.31.23.131",
                            "public_dns": "ec2-34-218-4-27.us-west-2.compute.amazonaws.com",
                            "public_ip": "34.218.4.27",
                            "root_block_device.#": "1",
                            "root_block_device.0.delete_on_termination": "true",
                            "root_block_device.0.iops": "100",
                            "root_block_device.0.volume_id": "vol-075f7e77b6b451370",
                            "root_block_device.0.volume_size": "8",
                            "root_block_device.0.volume_type": "gp2",
                            "security_groups.#": "1",
                            "security_groups.3814588639": "default",
                            "source_dest_check": "true",
                            "subnet_id": "subnet-0c5ee075",
                            "tags.%": "0",
                            "tenancy": "default",
                            "volume_tags.%": "0",
                            "vpc_security_group_ids.#": "1",
                            "vpc_security_group_ids.760003287": "sg-a4b137da"
                        },
                        "meta": {
                            "e2bfb730-ecaa-11e6-8f88-34363bc7c4c0": {
                                "create": 600000000000,
                                "delete": 1200000000000,
                                "update": 600000000000
                            },
                            "schema_version": "1"
                        },
                        "tainted": false
                    },
                    "deposed": [],
                    "provider": "provider.aws"
                }
            },
            "depends_on": []
        }
    ]
}
